
Microsoft Visual Studio Solution File, Format Version 12.00
# Visual Studio 15
VisualStudioVersion = 15.0.28010.0
MinimumVisualStudioVersion = 10.0.40219.1
Project("{FAE04EC0-301F-11D3-BF4B-00C04F79EFBC}") = "program1", "program1\program1.csproj", "{8A0B5FAF-F991-4009-975A-E6C67A5BD367}"
EndProject
Global
	GlobalSection(SolutionConfigurationPlatforms) = preSolution
		Debug|Any CPU = Debug|Any CPU
		Release|Any CPU = Release|Any CPU
	EndGlobalSection
	GlobalSection(ProjectConfigurationPlatforms) = postSolution
		{8A0B5FAF-F991-4009-975A-E6C67A5BD367}.Debug|Any CPU.ActiveCfg = Debug|Any CPU
		{8A0B5FAF-F991-4009-975A-E6C67A5BD367}.Debug|Any CPU.Build.0 = Debug|Any CPU
		{8A0B5FAF-F991-4009-975A-E6C67A5BD367}.Release|Any CPU.ActiveCfg = Release|Any CPU
		{8A0B5FAF-F991-4009-975A-E6C67A5BD367}.Release|Any CPU.Build.0 = Release|Any CPU
	EndGlobalSection
	GlobalSection(SolutionProperties) = preSolution
		HideSolutionNode = FALSE
	EndGlobalSection
	GlobalSection(ExtensibilityGlobals) = postSolution
		SolutionGuid = {4CEFA389-DB48-4490-A2C2-5DA71D32F9FB}
	EndGlobalSection
EndGlobal
